
Microsoft Visual Studio Solution File, Format Version 12.00
# Visual Studio 15
VisualStudioVersion = 15.0.28307.421
MinimumVisualStudioVersion = 10.0.40219.1
Project("{FAE04EC0-301F-11D3-BF4B-00C04F79EFBC}") = "Apka1", "Apka1\Apka1.csproj", "{257C8D5B-E258-4B80-8F87-B66AE0823FC0}"
EndProject
Global
	GlobalSection(SolutionConfigurationPlatforms) = preSolution
		Debug|Any CPU = Debug|Any CPU
		Release|Any CPU = Release|Any CPU
	EndGlobalSection
	GlobalSection(ProjectConfigurationPlatforms) = postSolution
		{257C8D5B-E258-4B80-8F87-B66AE0823FC0}.Debug|Any CPU.ActiveCfg = Debug|Any CPU
		{257C8D5B-E258-4B80-8F87-B66AE0823FC0}.Debug|Any CPU.Build.0 = Debug|Any CPU
		{257C8D5B-E258-4B80-8F87-B66AE0823FC0}.Release|Any CPU.ActiveCfg = Release|Any CPU
		{257C8D5B-E258-4B80-8F87-B66AE0823FC0}.Release|Any CPU.Build.0 = Release|Any CPU
	EndGlobalSection
	GlobalSection(SolutionProperties) = preSolution
		HideSolutionNode = FALSE
	EndGlobalSection
	GlobalSection(ExtensibilityGlobals) = postSolution
		SolutionGuid = {C615C7B5-F600-4675-A6C0-2D753BFA8515}
	EndGlobalSection
EndGlobal
